
Microsoft Visual Studio Solution File, Format Version 12.00
# Visual Studio 15
VisualStudioVersion = 15.0.28016.0
MinimumVisualStudioVersion = 10.0.40219.1
Project("{FAE04EC0-301F-11D3-BF4B-00C04F79EFBC}") = "HTMLParser", "HTMLParser\HTMLParser.csproj", "{CF903D31-678C-4AA0-B90C-669090F50992}"
EndProject
Global
	GlobalSection(SolutionConfigurationPlatforms) = preSolution
		Debug|Any CPU = Debug|Any CPU
		Release|Any CPU = Release|Any CPU
	EndGlobalSection
	GlobalSection(ProjectConfigurationPlatforms) = postSolution
		{CF903D31-678C-4AA0-B90C-669090F50992}.Debug|Any CPU.ActiveCfg = Debug|Any CPU
		{CF903D31-678C-4AA0-B90C-669090F50992}.Debug|Any CPU.Build.0 = Debug|Any CPU
		{CF903D31-678C-4AA0-B90C-669090F50992}.Release|Any CPU.ActiveCfg = Release|Any CPU
		{CF903D31-678C-4AA0-B90C-669090F50992}.Release|Any CPU.Build.0 = Release|Any CPU
	EndGlobalSection
	GlobalSection(SolutionProperties) = preSolution
		HideSolutionNode = FALSE
	EndGlobalSection
	GlobalSection(ExtensibilityGlobals) = postSolution
		SolutionGuid = {34162014-272E-4737-9B10-5B99DDB5F55F}
	EndGlobalSection
EndGlobal
